
Microsoft Visual Studio Solution File, Format Version 12.00
# Visual Studio Version 17
VisualStudioVersion = 17.9.34902.65
MinimumVisualStudioVersion = 10.0.40219.1
Project("{FAE04EC0-301F-11D3-BF4B-00C04F79EFBC}") = "ingresa", "ingresa\ingresa.csproj", "{8AC4F70C-A70D-4323-AB71-EE83493BEE8B}"
EndProject
Global
	GlobalSection(SolutionConfigurationPlatforms) = preSolution
		Debug|Any CPU = Debug|Any CPU
		Release|Any CPU = Release|Any CPU
	EndGlobalSection
	GlobalSection(ProjectConfigurationPlatforms) = postSolution
		{8AC4F70C-A70D-4323-AB71-EE83493BEE8B}.Debug|Any CPU.ActiveCfg = Debug|Any CPU
		{8AC4F70C-A70D-4323-AB71-EE83493BEE8B}.Debug|Any CPU.Build.0 = Debug|Any CPU
		{8AC4F70C-A70D-4323-AB71-EE83493BEE8B}.Release|Any CPU.ActiveCfg = Release|Any CPU
		{8AC4F70C-A70D-4323-AB71-EE83493BEE8B}.Release|Any CPU.Build.0 = Release|Any CPU
	EndGlobalSection
	GlobalSection(SolutionProperties) = preSolution
		HideSolutionNode = FALSE
	EndGlobalSection
	GlobalSection(ExtensibilityGlobals) = postSolution
		SolutionGuid = {0E2B1547-5DA2-46AB-9449-FE3BE2627302}
	EndGlobalSection
EndGlobal
